# This file is autogenerated, do not edit; changes may be undone by the next 'dep ensure'.


[[projects]]
  branch = "master"
  name = "github.com/golang/glog"
  packages = ["."]
  revision = "23def4e6c14b4da8ac2ed8007337bc5eb5007998"

[[projects]]
  name = "github.com/gorilla/websocket"
  packages = ["."]
  revision = "ea4d1f681babbce9545c9c5f3d5194a789c89f5b"
  version = "v1.2.0"

[[projects]]
  name = "github.com/jjeffcaii/engine.io"
  packages = [".","parser"]
  revision = "e214e48fb6161847ac03f0f1912c6ae9d8a41f88"
  version = "v0.1.0"

[solve-meta]
  analyzer-name = "dep"
  analyzer-version = 1
  inputs-digest = "eb4cca9d3e553ec60dd3134f62e7b579f94907ab5000a74d960581f3bcb9e14a"
  solver-name = "gps-cdcl"
  solver-version = 1
